// !$*UTF8*$!
{
	archiveVersion = 1;
	classes = {
	};
	objectVersion = 55;
	objects = {

/* Begin PBXBuildFile section */
		872657542736E9F000CC42DD /* DetayVC.swift in Sources */ = {isa = PBXBuildFile; fileRef = 872657532736E9F000CC42DD /* DetayVC.swift */; };
		875A18632732F15D001B240F /* AppDelegate.swift in Sources */ = {isa = PBXBuildFile; fileRef = 875A18622732F15D001B240F /* AppDelegate.swift */; };
		875A18652732F15D001B240F /* SceneDelegate.swift in Sources */ = {isa = PBXBuildFile; fileRef = 875A18642732F15D001B240F /* SceneDelegate.swift */; };
		875A18672732F15D001B240F /* ViewController.swift in Sources */ = {isa = PBXBuildFile; fileRef = 875A18662732F15D001B240F /* ViewController.swift */; };
		875A186A2732F15D001B240F /* Main.storyboard in Resources */ = {isa = PBXBuildFile; fileRef = 875A18682732F15D001B240F /* Main.storyboard */; };
		875A186C2732F15E001B240F /* Assets.xcassets in Resources */ = {isa = PBXBuildFile; fileRef = 875A186B2732F15E001B240F /* Assets.xcassets */; };
		875A186F2732F15E001B240F /* LaunchScreen.storyboard in Resources */ = {isa = PBXBuildFile; fileRef = 875A186D2732F15E001B240F /* LaunchScreen.storyboard */; };
		875A187A2732F15E001B240F /* DetayliTableViewKullanimiTests.swift in Sources */ = {isa = PBXBuildFile; fileRef = 875A18792732F15E001B240F /* DetayliTableViewKullanimiTests.swift */; };
		875A18842732F15F001B240F /* DetayliTableViewKullanimiUITests.swift in Sources */ = {isa = PBXBuildFile; fileRef = 875A18832732F15F001B240F /* DetayliTableViewKullanimiUITests.swift */; };
		875A18862732F15F001B240F /* DetayliTableViewKullanimiUITestsLaunchTests.swift in Sources */ = {isa = PBXBuildFile; fileRef = 875A18852732F15F001B240F /* DetayliTableViewKullanimiUITestsLaunchTests.swift */; };
		875A18932732F24A001B240F /* Urunler.swift in Sources */ = {isa = PBXBuildFile; fileRef = 875A18922732F24A001B240F /* Urunler.swift */; };
		875A18952732FC6B001B240F /* UrunTableViewCell.swift in Sources */ = {isa = PBXBuildFile; fileRef = 875A18942732FC6B001B240F /* UrunTableViewCell.swift */; };
/* End PBXBuildFile section */

/* Begin PBXContainerItemProxy section */
		875A18762732F15E001B240F /* PBXContainerItemProxy */ = {
			isa = PBXContainerItemProxy;
			containerPortal = 875A18572732F15D001B240F /* Project object */;
			proxyType = 1;
			remoteGlobalIDString = 875A185E2732F15D001B240F;
			remoteInfo = DetayliTableViewKullanimi;
		};
		875A18802732F15F001B240F /* PBXContainerItemProxy */ = {
			isa = PBXContainerItemProxy;
			containerPortal = 875A18572732F15D001B240F /* Project object */;
			proxyType = 1;
			remoteGlobalIDString = 875A185E2732F15D001B240F;
			remoteInfo = DetayliTableViewKullanimi;
		};
/* End PBXContainerItemProxy section */

/* Begin PBXFileReference section */
		872657532736E9F000CC42DD /* DetayVC.swift */ = {isa = PBXFileReference; lastKnownFileType = sourcecode.swift; path = DetayVC.swift; sourceTree = "<group>"; };
		875A185F2732F15D001B240F /* DetayliTableViewKullanimi.app */ = {isa = PBXFileReference; explicitFileType = wrapper.application; includeInIndex = 0; path = DetayliTableViewKullanimi.app; sourceTree = BUILT_PRODUCTS_DIR; };
		875A18622732F15D001B240F /* AppDelegate.swift */ = {isa = PBXFileReference; lastKnownFileType = sourcecode.swift; path = AppDelegate.swift; sourceTree = "<group>"; };
		875A18642732F15D001B240F /* SceneDelegate.swift */ = {isa = PBXFileReference; lastKnownFileType = sourcecode.swift; path = SceneDelegate.swift; sourceTree = "<group>"; };
		875A18662732F15D001B240F /* ViewController.swift */ = {isa = PBXFileReference; lastKnownFileType = sourcecode.swift; path = ViewController.swift; sourceTree = "<group>"; };
		875A18692732F15D001B240F /* Base */ = {isa = PBXFileReference; lastKnownFileType = file.storyboard; name = Base; path = Base.lproj/Main.storyboard; sourceTree = "<group>"; };
		875A186B2732F15E001B240F /* Assets.xcassets */ = {isa = PBXFileReference; lastKnownFileType = folder.assetcatalog; path = Assets.xcassets; sourceTree = "<group>"; };
		875A186E2732F15E001B240F /* Base */ = {isa = PBXFileReference; lastKnownFileType = file.storyboard; name = Base; path = Base.lproj/LaunchScreen.storyboard; sourceTree = "<group>"; };
		875A18702732F15E001B240F /* Info.plist */ = {isa = PBXFileReference; lastKnownFileType = text.plist.xml; path = Info.plist; sourceTree = "<group>"; };
		875A18752732F15E001B240F /* DetayliTableViewKullanimiTests.xctest */ = {isa = PBXFileReference; explicitFileType = wrapper.cfbundle; includeInIndex = 0; path = DetayliTableViewKullanimiTests.xctest; sourceTree = BUILT_PRODUCTS_DIR; };
		875A18792732F15E001B240F /* DetayliTableViewKullanimiTests.swift */ = {isa = PBXFileReference; lastKnownFileType = sourcecode.swift; path = DetayliTableViewKullanimiTests.swift; sourceTree = "<group>"; };
		875A187F2732F15E001B240F /* DetayliTableViewKullanimiUITests.xctest */ = {isa = PBXFileReference; explicitFileType = wrapper.cfbundle; includeInIndex = 0; path = DetayliTableViewKullanimiUITests.xctest; sourceTree = BUILT_PRODUCTS_DIR; };
		875A18832732F15F001B240F /* DetayliTableViewKullanimiUITests.swift */ = {isa = PBXFileReference; lastKnownFileType = sourcecode.swift; path = DetayliTableViewKullanimiUITests.swift; sourceTree = "<group>"; };
		875A18852732F15F001B240F /* DetayliTableViewKullanimiUITestsLaunchTests.swift */ = {isa = PBXFileReference; lastKnownFileType = sourcecode.swift; path = DetayliTableViewKullanimiUITestsLaunchTests.swift; sourceTree = "<group>"; };
		875A18922732F24A001B240F /* Urunler.swift */ = {isa = PBXFileReference; lastKnownFileType = sourcecode.swift; path = Urunler.swift; sourceTree = "<group>"; };
		875A18942732FC6B001B240F /* UrunTableViewCell.swift */ = {isa = PBXFileReference; lastKnownFileType = sourcecode.swift; path = UrunTableViewCell.swift; sourceTree = "<group>"; };
/* End PBXFileReference section */

/* Begin PBXFrameworksBuildPhase section */
		875A185C2732F15D001B240F /* Frameworks */ = {
			isa = PBXFrameworksBuildPhase;
			buildActionMask = 2147483647;
			files = (
			);
			runOnlyForDeploymentPostprocessing = 0;
		};
		875A18722732F15E001B240F /* Frameworks */ = {
			isa = PBXFrameworksBuildPhase;
			buildActionMask = 2147483647;
			files = (
			);
			runOnlyForDeploymentPostprocessing = 0;
		};
		875A187C2732F15E001B240F /* Frameworks */ = {
			isa = PBXFrameworksBuildPhase;
			buildActionMask = 2147483647;
			files = (
			);
			runOnlyForDeploymentPostprocessing = 0;
		};
/* End PBXFrameworksBuildPhase section */

/* Begin PBXGroup section */
		875A18562732F15D001B240F = {
			isa = PBXGroup;
			children = (
				875A18612732F15D001B240F /* DetayliTableViewKullanimi */,
				875A18782732F15E001B240F /* DetayliTableViewKullanimiTests */,
				875A18822732F15F001B240F /* DetayliTableViewKullanimiUITests */,
				875A18602732F15D001B240F /* Products */,
			);
			sourceTree = "<group>";
		};
		875A18602732F15D001B240F /* Products */ = {
			isa = PBXGroup;
			children = (
				875A185F2732F15D001B240F /* DetayliTableViewKullanimi.app */,
				875A18752732F15E001B240F /* DetayliTableViewKullanimiTests.xctest */,
				875A187F2732F15E001B240F /* DetayliTableViewKullanimiUITests.xctest */,
			);
			name = Products;
			sourceTree = "<group>";
		};
		875A18612732F15D001B240F /* DetayliTableViewKullanimi */ = {
			isa = PBXGroup;
			children = (
				875A18622732F15D001B240F /* AppDelegate.swift */,
				875A18642732F15D001B240F /* SceneDelegate.swift */,
				875A18662732F15D001B240F /* ViewController.swift */,
				875A18682732F15D001B240F /* Main.storyboard */,
				875A18942732FC6B001B240F /* UrunTableViewCell.swift */,
				872657532736E9F000CC42DD /* DetayVC.swift */,
				875A18922732F24A001B240F /* Urunler.swift */,
				875A186B2732F15E001B240F /* Assets.xcassets */,
				875A186D2732F15E001B240F /* LaunchScreen.storyboard */,
				875A18702732F15E001B240F /* Info.plist */,
			);
			path = DetayliTableViewKullanimi;
			sourceTree = "<group>";
		};
		875A18782732F15E001B240F /* DetayliTableViewKullanimiTests */ = {
			isa = PBXGroup;
			children = (
				875A18792732F15E001B240F /* DetayliTableViewKullanimiTests.swift */,
			);
			path = DetayliTableViewKullanimiTests;
			sourceTree = "<group>";
		};
		875A18822732F15F001B240F /* DetayliTableViewKullanimiUITests */ = {
			isa = PBXGroup;
			children = (
				875A18832732F15F001B240F /* DetayliTableViewKullanimiUITests.swift */,
				875A18852732F15F001B240F /* DetayliTableViewKullanimiUITestsLaunchTests.swift */,
			);
			path = DetayliTableViewKullanimiUITests;
			sourceTree = "<group>";
		};
/* End PBXGroup section */

/* Begin PBXNativeTarget section */
		875A185E2732F15D001B240F /* DetayliTableViewKullanimi */ = {
			isa = PBXNativeTarget;
			buildConfigurationList = 875A18892732F15F001B240F /* Build configuration list for PBXNativeTarget "DetayliTableViewKullanimi" */;
			buildPhases = (
				875A185B2732F15D001B240F /* Sources */,
				875A185C2732F15D001B240F /* Frameworks */,
				875A185D2732F15D001B240F /* Resources */,
			);
			buildRules = (
			);
			dependencies = (
			);
			name = DetayliTableViewKullanimi;
			productName = DetayliTableViewKullanimi;
			productReference = 875A185F2732F15D001B240F /* DetayliTableViewKullanimi.app */;
			productType = "com.apple.product-type.application";
		};
		875A18742732F15E001B240F /* DetayliTableViewKullanimiTests */ = {
			isa = PBXNativeTarget;
			buildConfigurationList = 875A188C2732F15F001B240F /* Build configuration list for PBXNativeTarget "DetayliTableViewKullanimiTests" */;
			buildPhases = (
				875A18712732F15E001B240F /* Sources */,
				875A18722732F15E001B240F /* Frameworks */,
				875A18732732F15E001B240F /* Resources */,
			);
			buildRules = (
			);
			dependencies = (
				875A18772732F15E001B240F /* PBXTargetDependency */,
			);
			name = DetayliTableViewKullanimiTests;
			productName = DetayliTableViewKullanimiTests;
			productReference = 875A18752732F15E001B240F /* DetayliTableViewKullanimiTests.xctest */;
			productType = "com.apple.product-type.bundle.unit-test";
		};
		875A187E2732F15E001B240F /* DetayliTableViewKullanimiUITests */ = {
			isa = PBXNativeTarget;
			buildConfigurationList = 875A188F2732F15F001B240F /* Build configuration list for PBXNativeTarget "DetayliTableViewKullanimiUITests" */;
			buildPhases = (
				875A187B2732F15E001B240F /* Sources */,
				875A187C2732F15E001B240F /* Frameworks */,
				875A187D2732F15E001B240F /* Resources */,
			);
			buildRules = (
			);
			dependencies = (
				875A18812732F15F001B240F /* PBXTargetDependency */,
			);
			name = DetayliTableViewKullanimiUITests;
			productName = DetayliTableViewKullanimiUITests;
			productReference = 875A187F2732F15E001B240F /* DetayliTableViewKullanimiUITests.xctest */;
			productType = "com.apple.product-type.bundle.ui-testing";
		};
/* End PBXNativeTarget section */

/* Begin PBXProject section */
		875A18572732F15D001B240F /* Project object */ = {
			isa = PBXProject;
			attributes = {
				BuildIndependentTargetsInParallel = 1;
				LastSwiftUpdateCheck = 1310;
				LastUpgradeCheck = 1310;
				TargetAttributes = {
					875A185E2732F15D001B240F = {
						CreatedOnToolsVersion = 13.1;
					};
					875A18742732F15E001B240F = {
						CreatedOnToolsVersion = 13.1;
						TestTargetID = 875A185E2732F15D001B240F;
					};
					875A187E2732F15E001B240F = {
						CreatedOnToolsVersion = 13.1;
						TestTargetID = 875A185E2732F15D001B240F;
					};
				};
			};
			buildConfigurationList = 875A185A2732F15D001B240F /* Build configuration list for PBXProject "DetayliTableViewKullanimi" */;
			compatibilityVersion = "Xcode 13.0";
			developmentRegion = en;
			hasScannedForEncodings = 0;
			knownRegions = (
				en,
				Base,
			);
			mainGroup = 875A18562732F15D001B240F;
			productRefGroup = 875A18602732F15D001B240F /* Products */;
			projectDirPath = "";
			projectRoot = "";
			targets = (
				875A185E2732F15D001B240F /* DetayliTableViewKullanimi */,
				875A18742732F15E001B240F /* DetayliTableViewKullanimiTests */,
				875A187E2732F15E001B240F /* DetayliTableViewKullanimiUITests */,
			);
		};
/* End PBXProject section */

/* Begin PBXResourcesBuildPhase section */
		875A185D2732F15D001B240F /* Resources */ = {
			isa = PBXResourcesBuildPhase;
			buildActionMask = 2147483647;
			files = (
				875A186F2732F15E001B240F /* LaunchScreen.storyboard in Resources */,
				875A186C2732F15E001B240F /* Assets.xcassets in Resources */,
				875A186A2732F15D001B240F /* Main.storyboard in Resources */,
			);
			runOnlyForDeploymentPostprocessing = 0;
		};
		875A18732732F15E001B240F /* Resources */ = {
			isa = PBXResourcesBuildPhase;
			buildActionMask = 2147483647;
			files = (
			);
			runOnlyForDeploymentPostprocessing = 0;
		};
		875A187D2732F15E001B240F /* Resources */ = {
			isa = PBXResourcesBuildPhase;
			buildActionMask = 2147483647;
			files = (
			);
			runOnlyForDeploymentPostprocessing = 0;
		};
/* End PBXResourcesBuildPhase section */

/* Begin PBXSourcesBuildPhase section */
		875A185B2732F15D001B240F /* Sources */ = {
			isa = PBXSourcesBuildPhase;
			buildActionMask = 2147483647;
			files = (
				872657542736E9F000CC42DD /* DetayVC.swift in Sources */,
				875A18672732F15D001B240F /* ViewController.swift in Sources */,
				875A18932732F24A001B240F /* Urunler.swift in Sources */,
				875A18632732F15D001B240F /* AppDelegate.swift in Sources */,
				875A18652732F15D001B240F /* SceneDelegate.swift in Sources */,
				875A18952732FC6B001B240F /* UrunTableViewCell.swift in Sources */,
			);
			runOnlyForDeploymentPostprocessing = 0;
		};
		875A18712732F15E001B240F /* Sources */ = {
			isa = PBXSourcesBuildPhase;
			buildActionMask = 2147483647;
			files = (
				875A187A2732F15E001B240F /* DetayliTableViewKullanimiTests.swift in Sources */,
			);
			runOnlyForDeploymentPostprocessing = 0;
		};
		875A187B2732F15E001B240F /* Sources */ = {
			isa = PBXSourcesBuildPhase;
			buildActionMask = 2147483647;
			files = (
				875A18862732F15F001B240F /* DetayliTableViewKullanimiUITestsLaunchTests.swift in Sources */,
				875A18842732F15F001B240F /* DetayliTableViewKullanimiUITests.swift in Sources */,
			);
			runOnlyForDeploymentPostprocessing = 0;
		};
/* End PBXSourcesBuildPhase section */

/* Begin PBXTargetDependency section */
		875A18772732F15E001B240F /* PBXTargetDependency */ = {
			isa = PBXTargetDependency;
			target = 875A185E2732F15D001B240F /* DetayliTableViewKullanimi */;
			targetProxy = 875A18762732F15E001B240F /* PBXContainerItemProxy */;
		};
		875A18812732F15F001B240F /* PBXTargetDependency */ = {
			isa = PBXTargetDependency;
			target = 875A185E2732F15D001B240F /* DetayliTableViewKullanimi */;
			targetProxy = 875A18802732F15F001B240F /* PBXContainerItemProxy */;
		};
/* End PBXTargetDependency section */

/* Begin PBXVariantGroup section */
		875A18682732F15D001B240F /* Main.storyboard */ = {
			isa = PBXVariantGroup;
			children = (
				875A18692732F15D001B240F /* Base */,
			);
			name = Main.storyboard;
			sourceTree = "<group>";
		};
		875A186D2732F15E001B240F /* LaunchScreen.storyboard */ = {
			isa = PBXVariantGroup;
			children = (
				875A186E2732F15E001B240F /* Base */,
			);
			name = LaunchScreen.storyboard;
			sourceTree = "<group>";
		};
/* End PBXVariantGroup section */

/* Begin XCBuildConfiguration section */
		875A18872732F15F001B240F /* Debug */ = {
			isa = XCBuildConfiguration;
			buildSettings = {
				ALWAYS_SEARCH_USER_PATHS = NO;
				CLANG_ANALYZER_NONNULL = YES;
				CLANG_ANALYZER_NUMBER_OBJECT_CONVERSION = YES_AGGRESSIVE;
				CLANG_CXX_LANGUAGE_STANDARD = "gnu++17";
				CLANG_CXX_LIBRARY = "libc++";
				CLANG_ENABLE_MODULES = YES;
				CLANG_ENABLE_OBJC_ARC = YES;
				CLANG_ENABLE_OBJC_WEAK = YES;
				CLANG_WARN_BLOCK_CAPTURE_AUTORELEASING = YES;
				CLANG_WARN_BOOL_CONVERSION = YES;
				CLANG_WARN_COMMA = YES;
				CLANG_WARN_CONSTANT_CONVERSION = YES;
				CLANG_WARN_DEPRECATED_OBJC_IMPLEMENTATIONS = YES;
				CLANG_WARN_DIRECT_OBJC_ISA_USAGE = YES_ERROR;
				CLANG_WARN_DOCUMENTATION_COMMENTS = YES;
				CLANG_WARN_EMPTY_BODY = YES;
				CLANG_WARN_ENUM_CONVERSION = YES;
				CLANG_WARN_INFINITE_RECURSION = YES;
				CLANG_WARN_INT_CONVERSION = YES;
				CLANG_WARN_NON_LITERAL_NULL_CONVERSION = YES;
				CLANG_WARN_OBJC_IMPLICIT_RETAIN_SELF = YES;
				CLANG_WARN_OBJC_LITERAL_CONVERSION = YES;
				CLANG_WARN_OBJC_ROOT_CLASS = YES_ERROR;
				CLANG_WARN_QUOTED_INCLUDE_IN_FRAMEWORK_HEADER = YES;
				CLANG_WARN_RANGE_LOOP_ANALYSIS = YES;
				CLANG_WARN_STRICT_PROTOTYPES = YES;
				CLANG_WARN_SUSPICIOUS_MOVE = YES;
				CLANG_WARN_UNGUARDED_AVAILABILITY = YES_AGGRESSIVE;
				CLANG_WARN_UNREACHABLE_CODE = YES;
				CLANG_WARN__DUPLICATE_METHOD_MATCH = YES;
				COPY_PHASE_STRIP = NO;
				DEBUG_INFORMATION_FORMAT = dwarf;
				ENABLE_STRICT_OBJC_MSGSEND = YES;
				ENABLE_TESTABILITY = YES;
				GCC_C_LANGUAGE_STANDARD = gnu11;
				GCC_DYNAMIC_NO_PIC = NO;
				GCC_NO_COMMON_BLOCKS = YES;
				GCC_OPTIMIZATION_LEVEL = 0;
				GCC_PREPROCESSOR_DEFINITIONS = (
					"DEBUG=1",
					"$(inherited)",
				);
				GCC_WARN_64_TO_32_BIT_CONVERSION = YES;
				GCC_WARN_ABOUT_RETURN_TYPE = YES_ERROR;
				GCC_WARN_UNDECLARED_SELECTOR = YES;
				GCC_WARN_UNINITIALIZED_AUTOS = YES_AGGRESSIVE;
				GCC_WARN_UNUSED_FUNCTION = YES;
				GCC_WARN_UNUSED_VARIABLE = YES;
				IPHONEOS_DEPLOYMENT_TARGET = 15.0;
				MTL_ENABLE_DEBUG_INFO = INCLUDE_SOURCE;
				MTL_FAST_MATH = YES;
				ONLY_ACTIVE_ARCH = YES;
				SDKROOT = iphoneos;
				SWIFT_ACTIVE_COMPILATION_CONDITIONS = DEBUG;
				SWIFT_OPTIMIZATION_LEVEL = "-Onone";
			};
			name = Debug;
		};
		875A18882732F15F001B240F /* Release */ = {
			isa = XCBuildConfiguration;
			buildSettings = {
				ALWAYS_SEARCH_USER_PATHS = NO;
				CLANG_ANALYZER_NONNULL = YES;
				CLANG_ANALYZER_NUMBER_OBJECT_CONVERSION = YES_AGGRESSIVE;
				CLANG_CXX_LANGUAGE_STANDARD = "gnu++17";
				CLANG_CXX_LIBRARY = "libc++";
				CLANG_ENABLE_MODULES = YES;
				CLANG_ENABLE_OBJC_ARC = YES;
				CLANG_ENABLE_OBJC_WEAK = YES;
				CLANG_WARN_BLOCK_CAPTURE_AUTORELEASING = YES;
				CLANG_WARN_BOOL_CONVERSION = YES;
				CLANG_WARN_COMMA = YES;
				CLANG_WARN_CONSTANT_CONVERSION = YES;
				CLANG_WARN_DEPRECATED_OBJC_IMPLEMENTATIONS = YES;
				CLANG_WARN_DIRECT_OBJC_ISA_USAGE = YES_ERROR;
				CLANG_WARN_DOCUMENTATION_COMMENTS = YES;
				CLANG_WARN_EMPTY_BODY = YES;
				CLANG_WARN_ENUM_CONVERSION = YES;
				CLANG_WARN_INFINITE_RECURSION = YES;
				CLANG_WARN_INT_CONVERSION = YES;
				CLANG_WARN_NON_LITERAL_NULL_CONVERSION = YES;
				CLANG_WARN_OBJC_IMPLICIT_RETAIN_SELF = YES;
				CLANG_WARN_OBJC_LITERAL_CONVERSION = YES;
				CLANG_WARN_OBJC_ROOT_CLASS = YES_ERROR;
				CLANG_WARN_QUOTED_INCLUDE_IN_FRAMEWORK_HEADER = YES;
				CLANG_WARN_RANGE_LOOP_ANALYSIS = YES;
				CLANG_WARN_STRICT_PROTOTYPES = YES;
				CLANG_WARN_SUSPICIOUS_MOVE = YES;
				CLANG_WARN_UNGUARDED_AVAILABILITY = YES_AGGRESSIVE;
				CLANG_WARN_UNREACHABLE_CODE = YES;
				CLANG_WARN__DUPLICATE_METHOD_MATCH = YES;
				COPY_PHASE_STRIP = NO;
				DEBUG_INFORMATION_FORMAT = "dwarf-with-dsym";
				ENABLE_NS_ASSERTIONS = NO;
				ENABLE_STRICT_OBJC_MSGSEND = YES;
				GCC_C_LANGUAGE_STANDARD = gnu11;
				GCC_NO_COMMON_BLOCKS = YES;
				GCC_WARN_64_TO_32_BIT_CONVERSION = YES;
				GCC_WARN_ABOUT_RETURN_TYPE = YES_ERROR;
				GCC_WARN_UNDECLARED_SELECTOR = YES;
				GCC_WARN_UNINITIALIZED_AUTOS = YES_AGGRESSIVE;
				GCC_WARN_UNUSED_FUNCTION = YES;
				GCC_WARN_UNUSED_VARIABLE = YES;
				IPHONEOS_DEPLOYMENT_TARGET = 15.0;
				MTL_ENABLE_DEBUG_INFO = NO;
				MTL_FAST_MATH = YES;
				SDKROOT = iphoneos;
				SWIFT_COMPILATION_MODE = wholemodule;
				SWIFT_OPTIMIZATION_LEVEL = "-O";
				VALIDATE_PRODUCT = YES;
			};
			name = Release;
		};
		875A188A2732F15F001B240F /* Debug */ = {
			isa = XCBuildConfiguration;
			buildSettings = {
				ASSETCATALOG_COMPILER_APPICON_NAME = AppIcon;
				ASSETCATALOG_COMPILER_GLOBAL_ACCENT_COLOR_NAME = AccentColor;
				CODE_SIGN_STYLE = Automatic;
				CURRENT_PROJECT_VERSION = 1;
				GENERATE_INFOPLIST_FILE = YES;
				INFOPLIST_FILE = DetayliTableViewKullanimi/Info.plist;
				INFOPLIST_KEY_UIApplicationSupportsIndirectInputEvents = YES;
				INFOPLIST_KEY_UILaunchStoryboardName = LaunchScreen;
				INFOPLIST_KEY_UIMainStoryboardFile = Main;
				INFOPLIST_KEY_UISupportedInterfaceOrientations_iPad = "UIInterfaceOrientationPortrait UIInterfaceOrientationPortraitUpsideDown UIInterfaceOrientationLandscapeLeft UIInterfaceOrientationLandscapeRight";
				INFOPLIST_KEY_UISupportedInterfaceOrientations_iPhone = "UIInterfaceOrientationPortrait UIInterfaceOrientationLandscapeLeft UIInterfaceOrientationLandscapeRight";
				LD_RUNPATH_SEARCH_PATHS = (
					"$(inherited)",
					"@executable_path/Frameworks",
				);
				MARKETING_VERSION = 1.0;
				PRODUCT_BUNDLE_IDENTIFIER = "ertugrulkulaber-gmail.com.DetayliTableViewKullanimi";
				PRODUCT_NAME = "$(TARGET_NAME)";
				SWIFT_EMIT_LOC_STRINGS = YES;
				SWIFT_VERSION = 5.0;
				TARGETED_DEVICE_FAMILY = "1,2";
			};
			name = Debug;
		};
		875A188B2732F15F001B240F /* Release */ = {
			isa = XCBuildConfiguration;
			buildSettings = {
				ASSETCATALOG_COMPILER_APPICON_NAME = AppIcon;
				ASSETCATALOG_COMPILER_GLOBAL_ACCENT_COLOR_NAME = AccentColor;
				CODE_SIGN_STYLE = Automatic;
				CURRENT_PROJECT_VERSION = 1;
				GENERATE_INFOPLIST_FILE = YES;
				INFOPLIST_FILE = DetayliTableViewKullanimi/Info.plist;
				INFOPLIST_KEY_UIApplicationSupportsIndirectInputEvents = YES;
				INFOPLIST_KEY_UILaunchStoryboardName = LaunchScreen;
				INFOPLIST_KEY_UIMainStoryboardFile = Main;
				INFOPLIST_KEY_UISupportedInterfaceOrientations_iPad = "UIInterfaceOrientationPortrait UIInterfaceOrientationPortraitUpsideDown UIInterfaceOrientationLandscapeLeft UIInterfaceOrientationLandscapeRight";
				INFOPLIST_KEY_UISupportedInterfaceOrientations_iPhone = "UIInterfaceOrientationPortrait UIInterfaceOrientationLandscapeLeft UIInterfaceOrientationLandscapeRight";
				LD_RUNPATH_SEARCH_PATHS = (
					"$(inherited)",
					"@executable_path/Frameworks",
				);
				MARKETING_VERSION = 1.0;
				PRODUCT_BUNDLE_IDENTIFIER = "ertugrulkulaber-gmail.com.DetayliTableViewKullanimi";
				PRODUCT_NAME = "$(TARGET_NAME)";
				SWIFT_EMIT_LOC_STRINGS = YES;
				SWIFT_VERSION = 5.0;
				TARGETED_DEVICE_FAMILY = "1,2";
			};
			name = Release;
		};
		875A188D2732F15F001B240F /* Debug */ = {
			isa = XCBuildConfiguration;
			buildSettings = {
				ALWAYS_EMBED_SWIFT_STANDARD_LIBRARIES = YES;
				BUNDLE_LOADER = "$(TEST_HOST)";
				CODE_SIGN_STYLE = Automatic;
				CURRENT_PROJECT_VERSION = 1;
				GENERATE_INFOPLIST_FILE = YES;
				IPHONEOS_DEPLOYMENT_TARGET = 15.0;
				LD_RUNPATH_SEARCH_PATHS = (
					"$(inherited)",
					"@executable_path/Frameworks",
					"@loader_path/Frameworks",
				);
				MARKETING_VERSION = 1.0;
				PRODUCT_BUNDLE_IDENTIFIER = "ertugrulkulaber-gmail.com.DetayliTableViewKullanimiTests";
				PRODUCT_NAME = "$(TARGET_NAME)";
				SWIFT_EMIT_LOC_STRINGS = NO;
				SWIFT_VERSION = 5.0;
				TARGETED_DEVICE_FAMILY = "1,2";
				TEST_HOST = "$(BUILT_PRODUCTS_DIR)/DetayliTableViewKullanimi.app/DetayliTableViewKullanimi";
			};
			name = Debug;
		};
		875A188E2732F15F001B240F /* Release */ = {
			isa = XCBuildConfiguration;
			buildSettings = {
				ALWAYS_EMBED_SWIFT_STANDARD_LIBRARIES = YES;
				BUNDLE_LOADER = "$(TEST_HOST)";
				CODE_SIGN_STYLE = Automatic;
				CURRENT_PROJECT_VERSION = 1;
				GENERATE_INFOPLIST_FILE = YES;
				IPHONEOS_DEPLOYMENT_TARGET = 15.0;
				LD_RUNPATH_SEARCH_PATHS = (
					"$(inherited)",
					"@executable_path/Frameworks",
					"@loader_path/Frameworks",
				);
				MARKETING_VERSION = 1.0;
				PRODUCT_BUNDLE_IDENTIFIER = "ertugrulkulaber-gmail.com.DetayliTableViewKullanimiTests";
				PRODUCT_NAME = "$(TARGET_NAME)";
				SWIFT_EMIT_LOC_STRINGS = NO;
				SWIFT_VERSION = 5.0;
				TARGETED_DEVICE_FAMILY = "1,2";
				TEST_HOST = "$(BUILT_PRODUCTS_DIR)/DetayliTableViewKullanimi.app/DetayliTableViewKullanimi";
			};
			name = Release;
		};
		875A18902732F15F001B240F /* Debug */ = {
			isa = XCBuildConfiguration;
			buildSettings = {
				ALWAYS_EMBED_SWIFT_STANDARD_LIBRARIES = YES;
				CODE_SIGN_STYLE = Automatic;
				CURRENT_PROJECT_VERSION = 1;
				GENERATE_INFOPLIST_FILE = YES;
				LD_RUNPATH_SEARCH_PATHS = (
					"$(inherited)",
					"@executable_path/Frameworks",
					"@loader_path/Frameworks",
				);
				MARKETING_VERSION = 1.0;
				PRODUCT_BUNDLE_IDENTIFIER = "ertugrulkulaber-gmail.com.DetayliTableViewKullanimiUITests";
				PRODUCT_NAME = "$(TARGET_NAME)";
				SWIFT_EMIT_LOC_STRINGS = NO;
				SWIFT_VERSION = 5.0;
				TARGETED_DEVICE_FAMILY = "1,2";
				TEST_TARGET_NAME = DetayliTableViewKullanimi;
			};
			name = Debug;
		};
		875A18912732F15F001B240F /* Release */ = {
			isa = XCBuildConfiguration;
			buildSettings = {
				ALWAYS_EMBED_SWIFT_STANDARD_LIBRARIES = YES;
				CODE_SIGN_STYLE = Automatic;
				CURRENT_PROJECT_VERSION = 1;
				GENERATE_INFOPLIST_FILE = YES;
				LD_RUNPATH_SEARCH_PATHS = (
					"$(inherited)",
					"@executable_path/Frameworks",
					"@loader_path/Frameworks",
				);
				MARKETING_VERSION = 1.0;
				PRODUCT_BUNDLE_IDENTIFIER = "ertugrulkulaber-gmail.com.DetayliTableViewKullanimiUITests";
				PRODUCT_NAME = "$(TARGET_NAME)";
				SWIFT_EMIT_LOC_STRINGS = NO;
				SWIFT_VERSION = 5.0;
				TARGETED_DEVICE_FAMILY = "1,2";
				TEST_TARGET_NAME = DetayliTableViewKullanimi;
			};
			name = Release;
		};
/* End XCBuildConfiguration section */

/* Begin XCConfigurationList section */
		875A185A2732F15D001B240F /* Build configuration list for PBXProject "DetayliTableViewKullanimi" */ = {
			isa = XCConfigurationList;
			buildConfigurations = (
				875A18872732F15F001B240F /* Debug */,
				875A18882732F15F001B240F /* Release */,
			);
			defaultConfigurationIsVisible = 0;
			defaultConfigurationName = Release;
		};
		875A18892732F15F001B240F /* Build configuration list for PBXNativeTarget "DetayliTableViewKullanimi" */ = {
			isa = XCConfigurationList;
			buildConfigurations = (
				875A188A2732F15F001B240F /* Debug */,
				875A188B2732F15F001B240F /* Release */,
			);
			defaultConfigurationIsVisible = 0;
			defaultConfigurationName = Release;
		};
		875A188C2732F15F001B240F /* Build configuration list for PBXNativeTarget "DetayliTableViewKullanimiTests" */ = {
			isa = XCConfigurationList;
			buildConfigurations = (
				875A188D2732F15F001B240F /* Debug */,
				875A188E2732F15F001B240F /* Release */,
			);
			defaultConfigurationIsVisible = 0;
			defaultConfigurationName = Release;
		};
		875A188F2732F15F001B240F /* Build configuration list for PBXNativeTarget "DetayliTableViewKullanimiUITests" */ = {
			isa = XCConfigurationList;
			buildConfigurations = (
				875A18902732F15F001B240F /* Debug */,
				875A18912732F15F001B240F /* Release */,
			);
			defaultConfigurationIsVisible = 0;
			defaultConfigurationName = Release;
		};
/* End XCConfigurationList section */
	};
	rootObject = 875A18572732F15D001B240F /* Project object */;
}
